{
    "version": 3,
    "terraform_version": "0.11.11",
    "serial": 32,
    "lineage": "eb1642d6-4051-2354-83c8-a42902d22073",
    "modules": [
        {
            "path": [
                "root"
            ],
            "outputs": {},
            "resources": {
                "azurerm_network_interface.controllernic": {
                    "type": "azurerm_network_interface",
                    "depends_on": [
                        "azurerm_network_security_group.nsgexternal",
                        "azurerm_public_ip.controllerpip",
                        "azurerm_subnet.mgmtsubnet",
                        "data.azurerm_resource_group.my_rg"
                    ],
                    "primary": {
                        "id": "/subscriptions/77d6aa12-ef65-44f8-b9f5-07e7f7e8b48b/resourceGroups/fse-juan.aristizabal-rg/providers/Microsoft.Network/networkInterfaces/jdat3-controller-nic",
                        "attributes": {
                            "applied_dns_servers.#": "0",
                            "dns_servers.#": "0",
                            "enable_accelerated_networking": "false",
                            "enable_ip_forwarding": "false",
                            "id": "/subscriptions/77d6aa12-ef65-44f8-b9f5-07e7f7e8b48b/resourceGroups/fse-juan.aristizabal-rg/providers/Microsoft.Network/networkInterfaces/jdat3-controller-nic",
                            "internal_dns_name_label": "",
                            "internal_fqdn": "",
                            "ip_configuration.#": "1",
                            "ip_configuration.0.application_gateway_backend_address_pools_ids.#": "0",
                            "ip_configuration.0.application_security_group_ids.#": "0",
                            "ip_configuration.0.load_balancer_backend_address_pools_ids.#": "0",
                            "ip_configuration.0.load_balancer_inbound_nat_rules_ids.#": "0",
                            "ip_configuration.0.name": "jdat3-controller-ipconfig",
                            "ip_configuration.0.primary": "true",
                            "ip_configuration.0.private_ip_address": "",
                            "ip_configuration.0.private_ip_address_allocation": "dynamic",
                            "ip_configuration.0.private_ip_address_version": "IPv4",
                            "ip_configuration.0.public_ip_address_id": "/subscriptions/77d6aa12-ef65-44f8-b9f5-07e7f7e8b48b/resourceGroups/fse-juan.aristizabal-rg/providers/Microsoft.Network/publicIPAddresses/jdat3-controller-ip",
                            "ip_configuration.0.subnet_id": "/subscriptions/77d6aa12-ef65-44f8-b9f5-07e7f7e8b48b/resourceGroups/fse-juan.aristizabal-rg/providers/Microsoft.Network/virtualNetworks/fse-juan-aristizabal-terraform-vnet/subnets/mgmt_subnet",
                            "location": "eastus",
                            "mac_address": "00-0D-3A-1E-21-87",
                            "name": "jdat3-controller-nic",
                            "network_security_group_id": "/subscriptions/77d6aa12-ef65-44f8-b9f5-07e7f7e8b48b/resourceGroups/fse-juan.aristizabal-rg/providers/Microsoft.Network/networkSecurityGroups/nsg_external_access",
                            "private_ip_address": "10.60.3.5",
                            "private_ip_addresses.#": "1",
                            "private_ip_addresses.0": "10.60.3.5",
                            "resource_group_name": "fse-juan.aristizabal-rg",
                            "tags.%": "1",
                            "tags.environment": "jdat3",
                            "virtual_machine_id": "/subscriptions/77d6aa12-ef65-44f8-b9f5-07e7f7e8b48b/resourceGroups/fse-juan.aristizabal-rg/providers/Microsoft.Compute/virtualMachines/jdat3-controller"
                        },
                        "meta": {},
                        "tainted": false
                    },
                    "deposed": [],
                    "provider": "provider.azurerm"
                },
                "azurerm_network_interface.jumpboxnic": {
                    "type": "azurerm_network_interface",
                    "depends_on": [
                        "azurerm_network_security_group.nsgexternal",
                        "azurerm_public_ip.jumpboxpip",
                        "azurerm_subnet.mgmtsubnet",
                        "data.azurerm_resource_group.my_rg"
                    ],
                    "primary": {
                        "id": "/subscriptions/77d6aa12-ef65-44f8-b9f5-07e7f7e8b48b/resourceGroups/fse-juan.aristizabal-rg/providers/Microsoft.Network/networkInterfaces/jdat3-jumpbox-nic",
                        "attributes": {
                            "applied_dns_servers.#": "0",
                            "dns_servers.#": "0",
                            "enable_accelerated_networking": "false",
                            "enable_ip_forwarding": "false",
                            "id": "/subscriptions/77d6aa12-ef65-44f8-b9f5-07e7f7e8b48b/resourceGroups/fse-juan.aristizabal-rg/providers/Microsoft.Network/networkInterfaces/jdat3-jumpbox-nic",
                            "internal_dns_name_label": "",
                            "internal_fqdn": "",
                            "ip_configuration.#": "1",
                            "ip_configuration.0.application_gateway_backend_address_pools_ids.#": "0",
                            "ip_configuration.0.application_security_group_ids.#": "0",
                            "ip_configuration.0.load_balancer_backend_address_pools_ids.#": "0",
                            "ip_configuration.0.load_balancer_inbound_nat_rules_ids.#": "0",
                            "ip_configuration.0.name": "jdat3-jumpbox-ipconfig",
                            "ip_configuration.0.primary": "true",
                            "ip_configuration.0.private_ip_address": "",
                            "ip_configuration.0.private_ip_address_allocation": "dynamic",
                            "ip_configuration.0.private_ip_address_version": "IPv4",
                            "ip_configuration.0.public_ip_address_id": "/subscriptions/77d6aa12-ef65-44f8-b9f5-07e7f7e8b48b/resourceGroups/fse-juan.aristizabal-rg/providers/Microsoft.Network/publicIPAddresses/jdat3-jumpbox-ip",
                            "ip_configuration.0.subnet_id": "/subscriptions/77d6aa12-ef65-44f8-b9f5-07e7f7e8b48b/resourceGroups/fse-juan.aristizabal-rg/providers/Microsoft.Network/virtualNetworks/fse-juan-aristizabal-terraform-vnet/subnets/mgmt_subnet",
                            "location": "eastus",
                            "mac_address": "00-0D-3A-10-9B-DE",
                            "name": "jdat3-jumpbox-nic",
                            "network_security_group_id": "/subscriptions/77d6aa12-ef65-44f8-b9f5-07e7f7e8b48b/resourceGroups/fse-juan.aristizabal-rg/providers/Microsoft.Network/networkSecurityGroups/nsg_external_access",
                            "private_ip_address": "10.60.3.4",
                            "private_ip_addresses.#": "1",
                            "private_ip_addresses.0": "10.60.3.4",
                            "resource_group_name": "fse-juan.aristizabal-rg",
                            "tags.%": "1",
                            "tags.environment": "jdat3",
                            "virtual_machine_id": "/subscriptions/77d6aa12-ef65-44f8-b9f5-07e7f7e8b48b/resourceGroups/fse-juan.aristizabal-rg/providers/Microsoft.Compute/virtualMachines/jdat3-jumpbox"
                        },
                        "meta": {},
                        "tainted": false
                    },
                    "deposed": [],
                    "provider": "provider.azurerm"
                },
                "azurerm_network_interface.workloadnic.0": {
                    "type": "azurerm_network_interface",
                    "depends_on": [
                        "azurerm_network_security_group.nsginternal",
                        "azurerm_public_ip.workloadpip.*",
                        "azurerm_subnet.serversubnet",
                        "data.azurerm_resource_group.my_rg"
                    ],
                    "primary": {
                        "id": "/subscriptions/77d6aa12-ef65-44f8-b9f5-07e7f7e8b48b/resourceGroups/fse-juan.aristizabal-rg/providers/Microsoft.Network/networkInterfaces/jdat3-workload1-nic",
                        "attributes": {
                            "applied_dns_servers.#": "0",
                            "dns_servers.#": "0",
                            "enable_accelerated_networking": "false",
                            "enable_ip_forwarding": "false",
                            "id": "/subscriptions/77d6aa12-ef65-44f8-b9f5-07e7f7e8b48b/resourceGroups/fse-juan.aristizabal-rg/providers/Microsoft.Network/networkInterfaces/jdat3-workload1-nic",
                            "internal_dns_name_label": "",
                            "internal_fqdn": "",
                            "ip_configuration.#": "1",
                            "ip_configuration.0.application_gateway_backend_address_pools_ids.#": "0",
                            "ip_configuration.0.application_security_group_ids.#": "0",
                            "ip_configuration.0.load_balancer_backend_address_pools_ids.#": "0",
                            "ip_configuration.0.load_balancer_inbound_nat_rules_ids.#": "0",
                            "ip_configuration.0.name": "jdat3-workload1-ipconfig",
                            "ip_configuration.0.primary": "true",
                            "ip_configuration.0.private_ip_address": "",
                            "ip_configuration.0.private_ip_address_allocation": "dynamic",
                            "ip_configuration.0.private_ip_address_version": "IPv4",
                            "ip_configuration.0.public_ip_address_id": "/subscriptions/77d6aa12-ef65-44f8-b9f5-07e7f7e8b48b/resourceGroups/fse-juan.aristizabal-rg/providers/Microsoft.Network/publicIPAddresses/jdat3-workload1-ip",
                            "ip_configuration.0.subnet_id": "/subscriptions/77d6aa12-ef65-44f8-b9f5-07e7f7e8b48b/resourceGroups/fse-juan.aristizabal-rg/providers/Microsoft.Network/virtualNetworks/fse-juan-aristizabal-terraform-vnet/subnets/server_subnet",
                            "location": "eastus",
                            "mac_address": "00-0D-3A-1A-1A-8F",
                            "name": "jdat3-workload1-nic",
                            "network_security_group_id": "/subscriptions/77d6aa12-ef65-44f8-b9f5-07e7f7e8b48b/resourceGroups/fse-juan.aristizabal-rg/providers/Microsoft.Network/networkSecurityGroups/nsg_internal_access",
                            "private_ip_address": "10.60.3.68",
                            "private_ip_addresses.#": "1",
                            "private_ip_addresses.0": "10.60.3.68",
                            "resource_group_name": "fse-juan.aristizabal-rg",
                            "tags.%": "1",
                            "tags.environment": "jdat3",
                            "virtual_machine_id": "/subscriptions/77d6aa12-ef65-44f8-b9f5-07e7f7e8b48b/resourceGroups/fse-juan.aristizabal-rg/providers/Microsoft.Compute/virtualMachines/jdat3-workload1"
                        },
                        "meta": {},
                        "tainted": false
                    },
                    "deposed": [],
                    "provider": "provider.azurerm"
                },
                "azurerm_network_interface.workloadnic.1": {
                    "type": "azurerm_network_interface",
                    "depends_on": [
                        "azurerm_network_security_group.nsginternal",
                        "azurerm_public_ip.workloadpip.*",
                        "azurerm_subnet.serversubnet",
                        "data.azurerm_resource_group.my_rg"
                    ],
                    "primary": {
                        "id": "/subscriptions/77d6aa12-ef65-44f8-b9f5-07e7f7e8b48b/resourceGroups/fse-juan.aristizabal-rg/providers/Microsoft.Network/networkInterfaces/jdat3-workload2-nic",
                        "attributes": {
                            "applied_dns_servers.#": "0",
                            "dns_servers.#": "0",
                            "enable_accelerated_networking": "false",
                            "enable_ip_forwarding": "false",
                            "id": "/subscriptions/77d6aa12-ef65-44f8-b9f5-07e7f7e8b48b/resourceGroups/fse-juan.aristizabal-rg/providers/Microsoft.Network/networkInterfaces/jdat3-workload2-nic",
                            "internal_dns_name_label": "",
                            "internal_fqdn": "",
                            "ip_configuration.#": "1",
                            "ip_configuration.0.application_gateway_backend_address_pools_ids.#": "0",
                            "ip_configuration.0.application_security_group_ids.#": "0",
                            "ip_configuration.0.load_balancer_backend_address_pools_ids.#": "0",
                            "ip_configuration.0.load_balancer_inbound_nat_rules_ids.#": "0",
                            "ip_configuration.0.name": "jdat3-workload2-ipconfig",
                            "ip_configuration.0.primary": "true",
                            "ip_configuration.0.private_ip_address": "",
                            "ip_configuration.0.private_ip_address_allocation": "dynamic",
                            "ip_configuration.0.private_ip_address_version": "IPv4",
                            "ip_configuration.0.public_ip_address_id": "/subscriptions/77d6aa12-ef65-44f8-b9f5-07e7f7e8b48b/resourceGroups/fse-juan.aristizabal-rg/providers/Microsoft.Network/publicIPAddresses/jdat3-workload2-ip",
                            "ip_configuration.0.subnet_id": "/subscriptions/77d6aa12-ef65-44f8-b9f5-07e7f7e8b48b/resourceGroups/fse-juan.aristizabal-rg/providers/Microsoft.Network/virtualNetworks/fse-juan-aristizabal-terraform-vnet/subnets/server_subnet",
                            "location": "eastus",
                            "mac_address": "00-0D-3A-19-B4-FE",
                            "name": "jdat3-workload2-nic",
                            "network_security_group_id": "/subscriptions/77d6aa12-ef65-44f8-b9f5-07e7f7e8b48b/resourceGroups/fse-juan.aristizabal-rg/providers/Microsoft.Network/networkSecurityGroups/nsg_internal_access",
                            "private_ip_address": "10.60.3.69",
                            "private_ip_addresses.#": "1",
                            "private_ip_addresses.0": "10.60.3.69",
                            "resource_group_name": "fse-juan.aristizabal-rg",
                            "tags.%": "1",
                            "tags.environment": "jdat3",
                            "virtual_machine_id": "/subscriptions/77d6aa12-ef65-44f8-b9f5-07e7f7e8b48b/resourceGroups/fse-juan.aristizabal-rg/providers/Microsoft.Compute/virtualMachines/jdat3-workload2"
                        },
                        "meta": {},
                        "tainted": false
                    },
                    "deposed": [],
                    "provider": "provider.azurerm"
                },
                "azurerm_network_security_group.nsgexternal": {
                    "type": "azurerm_network_security_group",
                    "depends_on": [
                        "data.azurerm_resource_group.my_rg"
                    ],
                    "primary": {
                        "id": "/subscriptions/77d6aa12-ef65-44f8-b9f5-07e7f7e8b48b/resourceGroups/fse-juan.aristizabal-rg/providers/Microsoft.Network/networkSecurityGroups/nsg_external_access",
                        "attributes": {
                            "id": "/subscriptions/77d6aa12-ef65-44f8-b9f5-07e7f7e8b48b/resourceGroups/fse-juan.aristizabal-rg/providers/Microsoft.Network/networkSecurityGroups/nsg_external_access",
                            "location": "eastus",
                            "name": "nsg_external_access",
                            "resource_group_name": "fse-juan.aristizabal-rg",
                            "security_rule.#": "3",
                            "security_rule.1585149958.access": "Allow",
                            "security_rule.1585149958.description": "",
                            "security_rule.1585149958.destination_address_prefix": "*",
                            "security_rule.1585149958.destination_address_prefixes.#": "0",
                            "security_rule.1585149958.destination_application_security_group_ids.#": "0",
                            "security_rule.1585149958.destination_port_range": "80",
                            "security_rule.1585149958.destination_port_ranges.#": "0",
                            "security_rule.1585149958.direction": "Inbound",
                            "security_rule.1585149958.name": "http_in",
                            "security_rule.1585149958.priority": "101",
                            "security_rule.1585149958.protocol": "Tcp",
                            "security_rule.1585149958.source_address_prefix": "*",
                            "security_rule.1585149958.source_address_prefixes.#": "0",
                            "security_rule.1585149958.source_application_security_group_ids.#": "0",
                            "security_rule.1585149958.source_port_range": "*",
                            "security_rule.1585149958.source_port_ranges.#": "0",
                            "security_rule.2700436662.access": "Allow",
                            "security_rule.2700436662.description": "",
                            "security_rule.2700436662.destination_address_prefix": "*",
                            "security_rule.2700436662.destination_address_prefixes.#": "0",
                            "security_rule.2700436662.destination_application_security_group_ids.#": "0",
                            "security_rule.2700436662.destination_port_range": "443",
                            "security_rule.2700436662.destination_port_ranges.#": "0",
                            "security_rule.2700436662.direction": "Inbound",
                            "security_rule.2700436662.name": "https_in",
                            "security_rule.2700436662.priority": "102",
                            "security_rule.2700436662.protocol": "Tcp",
                            "security_rule.2700436662.source_address_prefix": "*",
                            "security_rule.2700436662.source_address_prefixes.#": "0",
                            "security_rule.2700436662.source_application_security_group_ids.#": "0",
                            "security_rule.2700436662.source_port_range": "*",
                            "security_rule.2700436662.source_port_ranges.#": "0",
                            "security_rule.2870929880.access": "Allow",
                            "security_rule.2870929880.description": "",
                            "security_rule.2870929880.destination_address_prefix": "*",
                            "security_rule.2870929880.destination_address_prefixes.#": "0",
                            "security_rule.2870929880.destination_application_security_group_ids.#": "0",
                            "security_rule.2870929880.destination_port_range": "22",
                            "security_rule.2870929880.destination_port_ranges.#": "0",
                            "security_rule.2870929880.direction": "Inbound",
                            "security_rule.2870929880.name": "ssh_in",
                            "security_rule.2870929880.priority": "100",
                            "security_rule.2870929880.protocol": "Tcp",
                            "security_rule.2870929880.source_address_prefix": "*",
                            "security_rule.2870929880.source_address_prefixes.#": "0",
                            "security_rule.2870929880.source_application_security_group_ids.#": "0",
                            "security_rule.2870929880.source_port_range": "*",
                            "security_rule.2870929880.source_port_ranges.#": "0",
                            "tags.%": "0"
                        },
                        "meta": {},
                        "tainted": false
                    },
                    "deposed": [],
                    "provider": "provider.azurerm"
                },
                "azurerm_network_security_group.nsginternal": {
                    "type": "azurerm_network_security_group",
                    "depends_on": [
                        "data.azurerm_resource_group.my_rg"
                    ],
                    "primary": {
                        "id": "/subscriptions/77d6aa12-ef65-44f8-b9f5-07e7f7e8b48b/resourceGroups/fse-juan.aristizabal-rg/providers/Microsoft.Network/networkSecurityGroups/nsg_internal_access",
                        "attributes": {
                            "id": "/subscriptions/77d6aa12-ef65-44f8-b9f5-07e7f7e8b48b/resourceGroups/fse-juan.aristizabal-rg/providers/Microsoft.Network/networkSecurityGroups/nsg_internal_access",
                            "location": "eastus",
                            "name": "nsg_internal_access",
                            "resource_group_name": "fse-juan.aristizabal-rg",
                            "security_rule.#": "0",
                            "tags.%": "0"
                        },
                        "meta": {},
                        "tainted": false
                    },
                    "deposed": [],
                    "provider": "provider.azurerm"
                },
                "azurerm_network_security_rule.httprule": {
                    "type": "azurerm_network_security_rule",
                    "depends_on": [
                        "azurerm_network_security_group.nsgexternal",
                        "data.azurerm_resource_group.my_rg"
                    ],
                    "primary": {
                        "id": "/subscriptions/77d6aa12-ef65-44f8-b9f5-07e7f7e8b48b/resourceGroups/fse-juan.aristizabal-rg/providers/Microsoft.Network/networkSecurityGroups/nsg_external_access/securityRules/http_in",
                        "attributes": {
                            "access": "Allow",
                            "description": "",
                            "destination_address_prefix": "*",
                            "destination_address_prefixes.#": "0",
                            "destination_application_security_group_ids.#": "0",
                            "destination_port_range": "80",
                            "destination_port_ranges.#": "0",
                            "direction": "Inbound",
                            "id": "/subscriptions/77d6aa12-ef65-44f8-b9f5-07e7f7e8b48b/resourceGroups/fse-juan.aristizabal-rg/providers/Microsoft.Network/networkSecurityGroups/nsg_external_access/securityRules/http_in",
                            "name": "http_in",
                            "network_security_group_name": "nsg_external_access",
                            "priority": "101",
                            "protocol": "Tcp",
                            "resource_group_name": "fse-juan.aristizabal-rg",
                            "source_address_prefix": "*",
                            "source_address_prefixes.#": "0",
                            "source_application_security_group_ids.#": "0",
                            "source_port_range": "*",
                            "source_port_ranges.#": "0"
                        },
                        "meta": {},
                        "tainted": false
                    },
                    "deposed": [],
                    "provider": "provider.azurerm"
                },
                "azurerm_network_security_rule.httpsrule": {
                    "type": "azurerm_network_security_rule",
                    "depends_on": [
                        "azurerm_network_security_group.nsgexternal",
                        "data.azurerm_resource_group.my_rg"
                    ],
                    "primary": {
                        "id": "/subscriptions/77d6aa12-ef65-44f8-b9f5-07e7f7e8b48b/resourceGroups/fse-juan.aristizabal-rg/providers/Microsoft.Network/networkSecurityGroups/nsg_external_access/securityRules/https_in",
                        "attributes": {
                            "access": "Allow",
                            "description": "",
                            "destination_address_prefix": "*",
                            "destination_address_prefixes.#": "0",
                            "destination_application_security_group_ids.#": "0",
                            "destination_port_range": "443",
                            "destination_port_ranges.#": "0",
                            "direction": "Inbound",
                            "id": "/subscriptions/77d6aa12-ef65-44f8-b9f5-07e7f7e8b48b/resourceGroups/fse-juan.aristizabal-rg/providers/Microsoft.Network/networkSecurityGroups/nsg_external_access/securityRules/https_in",
                            "name": "https_in",
                            "network_security_group_name": "nsg_external_access",
                            "priority": "102",
                            "protocol": "Tcp",
                            "resource_group_name": "fse-juan.aristizabal-rg",
                            "source_address_prefix": "*",
                            "source_address_prefixes.#": "0",
                            "source_application_security_group_ids.#": "0",
                            "source_port_range": "*",
                            "source_port_ranges.#": "0"
                        },
                        "meta": {},
                        "tainted": false
                    },
                    "deposed": [],
                    "provider": "provider.azurerm"
                },
                "azurerm_network_security_rule.sshrule": {
                    "type": "azurerm_network_security_rule",
                    "depends_on": [
                        "azurerm_network_security_group.nsgexternal",
                        "data.azurerm_resource_group.my_rg"
                    ],
                    "primary": {
                        "id": "/subscriptions/77d6aa12-ef65-44f8-b9f5-07e7f7e8b48b/resourceGroups/fse-juan.aristizabal-rg/providers/Microsoft.Network/networkSecurityGroups/nsg_external_access/securityRules/ssh_in",
                        "attributes": {
                            "access": "Allow",
                            "description": "",
                            "destination_address_prefix": "*",
                            "destination_address_prefixes.#": "0",
                            "destination_application_security_group_ids.#": "0",
                            "destination_port_range": "22",
                            "destination_port_ranges.#": "0",
                            "direction": "Inbound",
                            "id": "/subscriptions/77d6aa12-ef65-44f8-b9f5-07e7f7e8b48b/resourceGroups/fse-juan.aristizabal-rg/providers/Microsoft.Network/networkSecurityGroups/nsg_external_access/securityRules/ssh_in",
                            "name": "ssh_in",
                            "network_security_group_name": "nsg_external_access",
                            "priority": "100",
                            "protocol": "Tcp",
                            "resource_group_name": "fse-juan.aristizabal-rg",
                            "source_address_prefix": "*",
                            "source_address_prefixes.#": "0",
                            "source_application_security_group_ids.#": "0",
                            "source_port_range": "*",
                            "source_port_ranges.#": "0"
                        },
                        "meta": {},
                        "tainted": false
                    },
                    "deposed": [],
                    "provider": "provider.azurerm"
                },
                "azurerm_public_ip.controllerpip": {
                    "type": "azurerm_public_ip",
                    "depends_on": [
                        "data.azurerm_resource_group.my_rg"
                    ],
                    "primary": {
                        "id": "/subscriptions/77d6aa12-ef65-44f8-b9f5-07e7f7e8b48b/resourceGroups/fse-juan.aristizabal-rg/providers/Microsoft.Network/publicIPAddresses/jdat3-controller-ip",
                        "attributes": {
                            "allocation_method": "Dynamic",
                            "id": "/subscriptions/77d6aa12-ef65-44f8-b9f5-07e7f7e8b48b/resourceGroups/fse-juan.aristizabal-rg/providers/Microsoft.Network/publicIPAddresses/jdat3-controller-ip",
                            "idle_timeout_in_minutes": "4",
                            "ip_address": "52.168.126.216",
                            "ip_version": "IPv4",
                            "location": "eastus",
                            "name": "jdat3-controller-ip",
                            "public_ip_address_allocation": "Dynamic",
                            "resource_group_name": "fse-juan.aristizabal-rg",
                            "sku": "Basic",
                            "tags.%": "1",
                            "tags.environment": "jdat3",
                            "zones.#": "0"
                        },
                        "meta": {},
                        "tainted": false
                    },
                    "deposed": [],
                    "provider": "provider.azurerm"
                },
                "azurerm_public_ip.jumpboxpip": {
                    "type": "azurerm_public_ip",
                    "depends_on": [
                        "data.azurerm_resource_group.my_rg"
                    ],
                    "primary": {
                        "id": "/subscriptions/77d6aa12-ef65-44f8-b9f5-07e7f7e8b48b/resourceGroups/fse-juan.aristizabal-rg/providers/Microsoft.Network/publicIPAddresses/jdat3-jumpbox-ip",
                        "attributes": {
                            "allocation_method": "Dynamic",
                            "id": "/subscriptions/77d6aa12-ef65-44f8-b9f5-07e7f7e8b48b/resourceGroups/fse-juan.aristizabal-rg/providers/Microsoft.Network/publicIPAddresses/jdat3-jumpbox-ip",
                            "idle_timeout_in_minutes": "4",
                            "ip_address": "168.61.54.191",
                            "ip_version": "IPv4",
                            "location": "eastus",
                            "name": "jdat3-jumpbox-ip",
                            "public_ip_address_allocation": "Dynamic",
                            "resource_group_name": "fse-juan.aristizabal-rg",
                            "sku": "Basic",
                            "tags.%": "1",
                            "tags.environment": "jdat3",
                            "zones.#": "0"
                        },
                        "meta": {},
                        "tainted": false
                    },
                    "deposed": [],
                    "provider": "provider.azurerm"
                },
                "azurerm_public_ip.workloadpip.0": {
                    "type": "azurerm_public_ip",
                    "depends_on": [
                        "data.azurerm_resource_group.my_rg"
                    ],
                    "primary": {
                        "id": "/subscriptions/77d6aa12-ef65-44f8-b9f5-07e7f7e8b48b/resourceGroups/fse-juan.aristizabal-rg/providers/Microsoft.Network/publicIPAddresses/jdat3-workload1-ip",
                        "attributes": {
                            "allocation_method": "Dynamic",
                            "id": "/subscriptions/77d6aa12-ef65-44f8-b9f5-07e7f7e8b48b/resourceGroups/fse-juan.aristizabal-rg/providers/Microsoft.Network/publicIPAddresses/jdat3-workload1-ip",
                            "idle_timeout_in_minutes": "4",
                            "ip_address": "52.168.137.130",
                            "ip_version": "IPv4",
                            "location": "eastus",
                            "name": "jdat3-workload1-ip",
                            "public_ip_address_allocation": "Dynamic",
                            "resource_group_name": "fse-juan.aristizabal-rg",
                            "sku": "Basic",
                            "tags.%": "1",
                            "tags.environment": "jdat3",
                            "zones.#": "0"
                        },
                        "meta": {},
                        "tainted": false
                    },
                    "deposed": [],
                    "provider": "provider.azurerm"
                },
                "azurerm_public_ip.workloadpip.1": {
                    "type": "azurerm_public_ip",
                    "depends_on": [
                        "data.azurerm_resource_group.my_rg"
                    ],
                    "primary": {
                        "id": "/subscriptions/77d6aa12-ef65-44f8-b9f5-07e7f7e8b48b/resourceGroups/fse-juan.aristizabal-rg/providers/Microsoft.Network/publicIPAddresses/jdat3-workload2-ip",
                        "attributes": {
                            "allocation_method": "Dynamic",
                            "id": "/subscriptions/77d6aa12-ef65-44f8-b9f5-07e7f7e8b48b/resourceGroups/fse-juan.aristizabal-rg/providers/Microsoft.Network/publicIPAddresses/jdat3-workload2-ip",
                            "idle_timeout_in_minutes": "4",
                            "ip_address": "52.168.137.82",
                            "ip_version": "IPv4",
                            "location": "eastus",
                            "name": "jdat3-workload2-ip",
                            "public_ip_address_allocation": "Dynamic",
                            "resource_group_name": "fse-juan.aristizabal-rg",
                            "sku": "Basic",
                            "tags.%": "1",
                            "tags.environment": "jdat3",
                            "zones.#": "0"
                        },
                        "meta": {},
                        "tainted": false
                    },
                    "deposed": [],
                    "provider": "provider.azurerm"
                },
                "azurerm_storage_account.storageaccount": {
                    "type": "azurerm_storage_account",
                    "depends_on": [
                        "data.azurerm_resource_group.my_rg"
                    ],
                    "primary": {
                        "id": "/subscriptions/77d6aa12-ef65-44f8-b9f5-07e7f7e8b48b/resourceGroups/fse-juan.aristizabal-rg/providers/Microsoft.Storage/storageAccounts/storacctfjdat3",
                        "attributes": {
                            "access_tier": "",
                            "account_encryption_source": "Microsoft.Storage",
                            "account_kind": "Storage",
                            "account_replication_type": "LRS",
                            "account_tier": "Standard",
                            "account_type": "Standard_LRS",
                            "enable_blob_encryption": "true",
                            "enable_file_encryption": "true",
                            "enable_https_traffic_only": "false",
                            "id": "/subscriptions/77d6aa12-ef65-44f8-b9f5-07e7f7e8b48b/resourceGroups/fse-juan.aristizabal-rg/providers/Microsoft.Storage/storageAccounts/storacctfjdat3",
                            "identity.#": "0",
                            "location": "eastus",
                            "name": "storacctfjdat3",
                            "network_rules.#": "0",
                            "primary_access_key": "v8kvbv2Yq7WVRDCNwvUMhsOj/Yg+VD32lLS7k9umoKypbjGqfYABoSdgpwSqGefd3VjjZjmV1m9Z/hvm8U7M5Q==",
                            "primary_blob_connection_string": "DefaultEndpointsProtocol=https;BlobEndpoint=https://storacctfjdat3.blob.core.windows.net/;AccountName=storacctfjdat3;AccountKey=v8kvbv2Yq7WVRDCNwvUMhsOj/Yg+VD32lLS7k9umoKypbjGqfYABoSdgpwSqGefd3VjjZjmV1m9Z/hvm8U7M5Q==",
                            "primary_blob_endpoint": "https://storacctfjdat3.blob.core.windows.net/",
                            "primary_connection_string": "DefaultEndpointsProtocol=https;AccountName=storacctfjdat3;AccountKey=v8kvbv2Yq7WVRDCNwvUMhsOj/Yg+VD32lLS7k9umoKypbjGqfYABoSdgpwSqGefd3VjjZjmV1m9Z/hvm8U7M5Q==;EndpointSuffix=core.windows.net",
                            "primary_file_endpoint": "https://storacctfjdat3.file.core.windows.net/",
                            "primary_location": "eastus",
                            "primary_queue_endpoint": "https://storacctfjdat3.queue.core.windows.net/",
                            "primary_table_endpoint": "https://storacctfjdat3.table.core.windows.net/",
                            "resource_group_name": "fse-juan.aristizabal-rg",
                            "secondary_access_key": "x+mT9KKxI1fxhSvKPfrP05t1GHU/a4byRcKpdoA1cfRcJb2UGiBhRQE0P5m4Cvdsz1u+h23Q66GadlfdudLUsA==",
                            "secondary_connection_string": "DefaultEndpointsProtocol=https;AccountName=storacctfjdat3;AccountKey=x+mT9KKxI1fxhSvKPfrP05t1GHU/a4byRcKpdoA1cfRcJb2UGiBhRQE0P5m4Cvdsz1u+h23Q66GadlfdudLUsA==;EndpointSuffix=core.windows.net",
                            "secondary_location": "",
                            "tags.%": "0"
                        },
                        "meta": {
                            "schema_version": "2"
                        },
                        "tainted": false
                    },
                    "deposed": [],
                    "provider": "provider.azurerm"
                },
                "azurerm_subnet.mgmtsubnet": {
                    "type": "azurerm_subnet",
                    "depends_on": [
                        "azurerm_virtual_network.mainvnet",
                        "data.azurerm_resource_group.my_rg"
                    ],
                    "primary": {
                        "id": "/subscriptions/77d6aa12-ef65-44f8-b9f5-07e7f7e8b48b/resourceGroups/fse-juan.aristizabal-rg/providers/Microsoft.Network/virtualNetworks/fse-juan-aristizabal-terraform-vnet/subnets/mgmt_subnet",
                        "attributes": {
                            "address_prefix": "10.60.3.0/26",
                            "delegation.#": "0",
                            "id": "/subscriptions/77d6aa12-ef65-44f8-b9f5-07e7f7e8b48b/resourceGroups/fse-juan.aristizabal-rg/providers/Microsoft.Network/virtualNetworks/fse-juan-aristizabal-terraform-vnet/subnets/mgmt_subnet",
                            "ip_configurations.#": "4",
                            "ip_configurations.1224641565": "/subscriptions/77d6aa12-ef65-44f8-b9f5-07e7f7e8b48b/resourceGroups/fse-juan.aristizabal-rg/providers/Microsoft.Network/networkInterfaces/jdat3-controller-nic/ipConfigurations/jdat3-controller-ipconfig",
                            "ip_configurations.2995369334": "/subscriptions/77d6aa12-ef65-44f8-b9f5-07e7f7e8b48b/resourceGroups/fse-juan.aristizabal-rg/providers/Microsoft.Network/networkInterfaces/jdat3-jumpbox-nic/ipConfigurations/jdat3-jumpbox-ipconfig",
                            "ip_configurations.3019179874": "/subscriptions/77d6aa12-ef65-44f8-b9f5-07e7f7e8b48b/resourceGroups/fse-juan.aristizabal-rg/providers/Microsoft.Network/networkInterfaces/AviAZ-se-wtvus-nic/ipConfigurations/ipconfig1",
                            "ip_configurations.3891158598": "/subscriptions/77d6aa12-ef65-44f8-b9f5-07e7f7e8b48b/resourceGroups/fse-juan.aristizabal-rg/providers/Microsoft.Network/networkInterfaces/AviAZ-se-bdrki-nic/ipConfigurations/ipconfig1",
                            "name": "mgmt_subnet",
                            "network_security_group_id": "",
                            "resource_group_name": "fse-juan.aristizabal-rg",
                            "route_table_id": "",
                            "service_endpoints.#": "0",
                            "virtual_network_name": "fse-juan-aristizabal-terraform-vnet"
                        },
                        "meta": {},
                        "tainted": false
                    },
                    "deposed": [],
                    "provider": "provider.azurerm"
                },
                "azurerm_subnet.serversubnet": {
                    "type": "azurerm_subnet",
                    "depends_on": [
                        "azurerm_virtual_network.mainvnet",
                        "data.azurerm_resource_group.my_rg"
                    ],
                    "primary": {
                        "id": "/subscriptions/77d6aa12-ef65-44f8-b9f5-07e7f7e8b48b/resourceGroups/fse-juan.aristizabal-rg/providers/Microsoft.Network/virtualNetworks/fse-juan-aristizabal-terraform-vnet/subnets/server_subnet",
                        "attributes": {
                            "address_prefix": "10.60.3.64/26",
                            "delegation.#": "0",
                            "id": "/subscriptions/77d6aa12-ef65-44f8-b9f5-07e7f7e8b48b/resourceGroups/fse-juan.aristizabal-rg/providers/Microsoft.Network/virtualNetworks/fse-juan-aristizabal-terraform-vnet/subnets/server_subnet",
                            "ip_configurations.#": "2",
                            "ip_configurations.1743730300": "/subscriptions/77d6aa12-ef65-44f8-b9f5-07e7f7e8b48b/resourceGroups/fse-juan.aristizabal-rg/providers/Microsoft.Network/networkInterfaces/jdat3-workload1-nic/ipConfigurations/jdat3-workload1-ipconfig",
                            "ip_configurations.928223440": "/subscriptions/77d6aa12-ef65-44f8-b9f5-07e7f7e8b48b/resourceGroups/fse-juan.aristizabal-rg/providers/Microsoft.Network/networkInterfaces/jdat3-workload2-nic/ipConfigurations/jdat3-workload2-ipconfig",
                            "name": "server_subnet",
                            "network_security_group_id": "",
                            "resource_group_name": "fse-juan.aristizabal-rg",
                            "route_table_id": "",
                            "service_endpoints.#": "0",
                            "virtual_network_name": "fse-juan-aristizabal-terraform-vnet"
                        },
                        "meta": {},
                        "tainted": false
                    },
                    "deposed": [],
                    "provider": "provider.azurerm"
                },
                "azurerm_subnet.vipsubnet": {
                    "type": "azurerm_subnet",
                    "depends_on": [
                        "azurerm_virtual_network.mainvnet",
                        "data.azurerm_resource_group.my_rg"
                    ],
                    "primary": {
                        "id": "/subscriptions/77d6aa12-ef65-44f8-b9f5-07e7f7e8b48b/resourceGroups/fse-juan.aristizabal-rg/providers/Microsoft.Network/virtualNetworks/fse-juan-aristizabal-terraform-vnet/subnets/vip_subnet",
                        "attributes": {
                            "address_prefix": "10.60.3.128/26",
                            "delegation.#": "0",
                            "id": "/subscriptions/77d6aa12-ef65-44f8-b9f5-07e7f7e8b48b/resourceGroups/fse-juan.aristizabal-rg/providers/Microsoft.Network/virtualNetworks/fse-juan-aristizabal-terraform-vnet/subnets/vip_subnet",
                            "ip_configurations.#": "1",
                            "ip_configurations.1625417845": "/subscriptions/77d6aa12-ef65-44f8-b9f5-07e7f7e8b48b/resourceGroups/fse-juan.aristizabal-rg/providers/Microsoft.Network/loadBalancers/avi-alb-qzjsr/frontendIPConfigurations/ipconfig-10.60.3.132",
                            "name": "vip_subnet",
                            "network_security_group_id": "",
                            "resource_group_name": "fse-juan.aristizabal-rg",
                            "route_table_id": "",
                            "service_endpoints.#": "0",
                            "virtual_network_name": "fse-juan-aristizabal-terraform-vnet"
                        },
                        "meta": {},
                        "tainted": false
                    },
                    "deposed": [],
                    "provider": "provider.azurerm"
                },
                "azurerm_virtual_machine.controller": {
                    "type": "azurerm_virtual_machine",
                    "depends_on": [
                        "azurerm_network_interface.controllernic",
                        "azurerm_storage_account.storageaccount",
                        "data.azurerm_resource_group.my_rg"
                    ],
                    "primary": {
                        "id": "/subscriptions/77d6aa12-ef65-44f8-b9f5-07e7f7e8b48b/resourceGroups/fse-juan.aristizabal-rg/providers/Microsoft.Compute/virtualMachines/jdat3-controller",
                        "attributes": {
                            "boot_diagnostics.#": "1",
                            "boot_diagnostics.0.enabled": "true",
                            "boot_diagnostics.0.storage_uri": "https://storacctfjdat3.blob.core.windows.net/",
                            "delete_data_disks_on_termination": "true",
                            "delete_os_disk_on_termination": "true",
                            "id": "/subscriptions/77d6aa12-ef65-44f8-b9f5-07e7f7e8b48b/resourceGroups/fse-juan.aristizabal-rg/providers/Microsoft.Compute/virtualMachines/jdat3-controller",
                            "identity.#": "0",
                            "location": "eastus",
                            "name": "jdat3-controller",
                            "network_interface_ids.#": "1",
                            "network_interface_ids.0": "/subscriptions/77d6aa12-ef65-44f8-b9f5-07e7f7e8b48b/resourceGroups/fse-juan.aristizabal-rg/providers/Microsoft.Network/networkInterfaces/jdat3-controller-nic",
                            "os_profile.#": "1",
                            "os_profile.2762192469.admin_password": "",
                            "os_profile.2762192469.admin_username": "aviadmin",
                            "os_profile.2762192469.computer_name": "controller",
                            "os_profile.2762192469.custom_data": "",
                            "os_profile_linux_config.#": "1",
                            "os_profile_linux_config.2972667452.disable_password_authentication": "false",
                            "os_profile_linux_config.2972667452.ssh_keys.#": "0",
                            "os_profile_secrets.#": "0",
                            "os_profile_windows_config.#": "0",
                            "plan.#": "1",
                            "plan.0.name": "avi-vantage-adc-1801",
                            "plan.0.product": "avi-vantage-adc",
                            "plan.0.publisher": "avi-networks",
                            "resource_group_name": "fse-juan.aristizabal-rg",
                            "storage_data_disk.#": "0",
                            "storage_image_reference.#": "1",
                            "storage_image_reference.3566250621.id": "",
                            "storage_image_reference.3566250621.offer": "avi-vantage-adc",
                            "storage_image_reference.3566250621.publisher": "avi-networks",
                            "storage_image_reference.3566250621.sku": "avi-vantage-adc-1801",
                            "storage_image_reference.3566250621.version": "18.01.05",
                            "storage_os_disk.#": "1",
                            "storage_os_disk.0.caching": "ReadWrite",
                            "storage_os_disk.0.create_option": "FromImage",
                            "storage_os_disk.0.disk_size_gb": "64",
                            "storage_os_disk.0.image_uri": "",
                            "storage_os_disk.0.managed_disk_id": "/subscriptions/77d6aa12-ef65-44f8-b9f5-07e7f7e8b48b/resourceGroups/fse-juan.aristizabal-rg/providers/Microsoft.Compute/disks/controllerosdisk1",
                            "storage_os_disk.0.managed_disk_type": "Standard_LRS",
                            "storage_os_disk.0.name": "controllerosdisk1",
                            "storage_os_disk.0.os_type": "Linux",
                            "storage_os_disk.0.vhd_uri": "",
                            "storage_os_disk.0.write_accelerator_enabled": "false",
                            "tags.%": "1",
                            "tags.environment": "jdat3",
                            "vm_size": "Standard_D8s_v3",
                            "zones.#": "0"
                        },
                        "meta": {},
                        "tainted": false
                    },
                    "deposed": [],
                    "provider": "provider.azurerm"
                },
                "azurerm_virtual_machine.jumpbox": {
                    "type": "azurerm_virtual_machine",
                    "depends_on": [
                        "azurerm_network_interface.jumpboxnic",
                        "azurerm_storage_account.storageaccount",
                        "data.azurerm_resource_group.my_rg"
                    ],
                    "primary": {
                        "id": "/subscriptions/77d6aa12-ef65-44f8-b9f5-07e7f7e8b48b/resourceGroups/fse-juan.aristizabal-rg/providers/Microsoft.Compute/virtualMachines/jdat3-jumpbox",
                        "attributes": {
                            "boot_diagnostics.#": "1",
                            "boot_diagnostics.0.enabled": "true",
                            "boot_diagnostics.0.storage_uri": "https://storacctfjdat3.blob.core.windows.net/",
                            "delete_data_disks_on_termination": "true",
                            "delete_os_disk_on_termination": "true",
                            "id": "/subscriptions/77d6aa12-ef65-44f8-b9f5-07e7f7e8b48b/resourceGroups/fse-juan.aristizabal-rg/providers/Microsoft.Compute/virtualMachines/jdat3-jumpbox",
                            "identity.#": "0",
                            "location": "eastus",
                            "name": "jdat3-jumpbox",
                            "network_interface_ids.#": "1",
                            "network_interface_ids.0": "/subscriptions/77d6aa12-ef65-44f8-b9f5-07e7f7e8b48b/resourceGroups/fse-juan.aristizabal-rg/providers/Microsoft.Network/networkInterfaces/jdat3-jumpbox-nic",
                            "os_profile.#": "1",
                            "os_profile.3106213072.admin_password": "",
                            "os_profile.3106213072.admin_username": "aviadmin",
                            "os_profile.3106213072.computer_name": "jumpbox",
                            "os_profile.3106213072.custom_data": "",
                            "os_profile_linux_config.#": "1",
                            "os_profile_linux_config.2972667452.disable_password_authentication": "false",
                            "os_profile_linux_config.2972667452.ssh_keys.#": "0",
                            "os_profile_secrets.#": "0",
                            "os_profile_windows_config.#": "0",
                            "plan.#": "0",
                            "resource_group_name": "fse-juan.aristizabal-rg",
                            "storage_data_disk.#": "0",
                            "storage_image_reference.#": "1",
                            "storage_image_reference.1458860473.id": "",
                            "storage_image_reference.1458860473.offer": "UbuntuServer",
                            "storage_image_reference.1458860473.publisher": "Canonical",
                            "storage_image_reference.1458860473.sku": "16.04-LTS",
                            "storage_image_reference.1458860473.version": "latest",
                            "storage_os_disk.#": "1",
                            "storage_os_disk.0.caching": "ReadWrite",
                            "storage_os_disk.0.create_option": "FromImage",
                            "storage_os_disk.0.disk_size_gb": "30",
                            "storage_os_disk.0.image_uri": "",
                            "storage_os_disk.0.managed_disk_id": "/subscriptions/77d6aa12-ef65-44f8-b9f5-07e7f7e8b48b/resourceGroups/fse-juan.aristizabal-rg/providers/Microsoft.Compute/disks/jumpboxosdisk1",
                            "storage_os_disk.0.managed_disk_type": "Standard_LRS",
                            "storage_os_disk.0.name": "jumpboxosdisk1",
                            "storage_os_disk.0.os_type": "Linux",
                            "storage_os_disk.0.vhd_uri": "",
                            "storage_os_disk.0.write_accelerator_enabled": "false",
                            "tags.%": "1",
                            "tags.environment": "jdat3",
                            "vm_size": "Standard_DS1_v2",
                            "zones.#": "0"
                        },
                        "meta": {},
                        "tainted": false
                    },
                    "deposed": [],
                    "provider": "provider.azurerm"
                },
                "azurerm_virtual_machine.workload.0": {
                    "type": "azurerm_virtual_machine",
                    "depends_on": [
                        "azurerm_network_interface.workloadnic.*",
                        "azurerm_storage_account.storageaccount",
                        "data.azurerm_resource_group.my_rg",
                        "data.template_cloudinit_config.config"
                    ],
                    "primary": {
                        "id": "/subscriptions/77d6aa12-ef65-44f8-b9f5-07e7f7e8b48b/resourceGroups/fse-juan.aristizabal-rg/providers/Microsoft.Compute/virtualMachines/jdat3-workload1",
                        "attributes": {
                            "boot_diagnostics.#": "1",
                            "boot_diagnostics.0.enabled": "true",
                            "boot_diagnostics.0.storage_uri": "https://storacctfjdat3.blob.core.windows.net/",
                            "delete_data_disks_on_termination": "true",
                            "delete_os_disk_on_termination": "true",
                            "id": "/subscriptions/77d6aa12-ef65-44f8-b9f5-07e7f7e8b48b/resourceGroups/fse-juan.aristizabal-rg/providers/Microsoft.Compute/virtualMachines/jdat3-workload1",
                            "identity.#": "0",
                            "location": "eastus",
                            "name": "jdat3-workload1",
                            "network_interface_ids.#": "1",
                            "network_interface_ids.0": "/subscriptions/77d6aa12-ef65-44f8-b9f5-07e7f7e8b48b/resourceGroups/fse-juan.aristizabal-rg/providers/Microsoft.Network/networkInterfaces/jdat3-workload1-nic",
                            "os_profile.#": "1",
                            "os_profile.158965511.admin_password": "",
                            "os_profile.158965511.admin_username": "aviadmin",
                            "os_profile.158965511.computer_name": "workload1",
                            "os_profile.158965511.custom_data": "",
                            "os_profile_linux_config.#": "1",
                            "os_profile_linux_config.2972667452.disable_password_authentication": "false",
                            "os_profile_linux_config.2972667452.ssh_keys.#": "0",
                            "os_profile_secrets.#": "0",
                            "os_profile_windows_config.#": "0",
                            "plan.#": "0",
                            "resource_group_name": "fse-juan.aristizabal-rg",
                            "storage_data_disk.#": "0",
                            "storage_image_reference.#": "1",
                            "storage_image_reference.1458860473.id": "",
                            "storage_image_reference.1458860473.offer": "UbuntuServer",
                            "storage_image_reference.1458860473.publisher": "Canonical",
                            "storage_image_reference.1458860473.sku": "16.04-LTS",
                            "storage_image_reference.1458860473.version": "latest",
                            "storage_os_disk.#": "1",
                            "storage_os_disk.0.caching": "ReadWrite",
                            "storage_os_disk.0.create_option": "FromImage",
                            "storage_os_disk.0.disk_size_gb": "30",
                            "storage_os_disk.0.image_uri": "",
                            "storage_os_disk.0.managed_disk_id": "/subscriptions/77d6aa12-ef65-44f8-b9f5-07e7f7e8b48b/resourceGroups/fse-juan.aristizabal-rg/providers/Microsoft.Compute/disks/workload1osdisk1",
                            "storage_os_disk.0.managed_disk_type": "Standard_LRS",
                            "storage_os_disk.0.name": "workload1osdisk1",
                            "storage_os_disk.0.os_type": "Linux",
                            "storage_os_disk.0.vhd_uri": "",
                            "storage_os_disk.0.write_accelerator_enabled": "false",
                            "tags.%": "1",
                            "tags.environment": "jdat3",
                            "vm_size": "Standard_B1ms",
                            "zones.#": "0"
                        },
                        "meta": {},
                        "tainted": false
                    },
                    "deposed": [],
                    "provider": "provider.azurerm"
                },
                "azurerm_virtual_machine.workload.1": {
                    "type": "azurerm_virtual_machine",
                    "depends_on": [
                        "azurerm_network_interface.workloadnic.*",
                        "azurerm_storage_account.storageaccount",
                        "data.azurerm_resource_group.my_rg",
                        "data.template_cloudinit_config.config"
                    ],
                    "primary": {
                        "id": "/subscriptions/77d6aa12-ef65-44f8-b9f5-07e7f7e8b48b/resourceGroups/fse-juan.aristizabal-rg/providers/Microsoft.Compute/virtualMachines/jdat3-workload2",
                        "attributes": {
                            "boot_diagnostics.#": "1",
                            "boot_diagnostics.0.enabled": "true",
                            "boot_diagnostics.0.storage_uri": "https://storacctfjdat3.blob.core.windows.net/",
                            "delete_data_disks_on_termination": "true",
                            "delete_os_disk_on_termination": "true",
                            "id": "/subscriptions/77d6aa12-ef65-44f8-b9f5-07e7f7e8b48b/resourceGroups/fse-juan.aristizabal-rg/providers/Microsoft.Compute/virtualMachines/jdat3-workload2",
                            "identity.#": "0",
                            "location": "eastus",
                            "name": "jdat3-workload2",
                            "network_interface_ids.#": "1",
                            "network_interface_ids.0": "/subscriptions/77d6aa12-ef65-44f8-b9f5-07e7f7e8b48b/resourceGroups/fse-juan.aristizabal-rg/providers/Microsoft.Network/networkInterfaces/jdat3-workload2-nic",
                            "os_profile.#": "1",
                            "os_profile.575982788.admin_password": "",
                            "os_profile.575982788.admin_username": "aviadmin",
                            "os_profile.575982788.computer_name": "workload2",
                            "os_profile.575982788.custom_data": "",
                            "os_profile_linux_config.#": "1",
                            "os_profile_linux_config.2972667452.disable_password_authentication": "false",
                            "os_profile_linux_config.2972667452.ssh_keys.#": "0",
                            "os_profile_secrets.#": "0",
                            "os_profile_windows_config.#": "0",
                            "plan.#": "0",
                            "resource_group_name": "fse-juan.aristizabal-rg",
                            "storage_data_disk.#": "0",
                            "storage_image_reference.#": "1",
                            "storage_image_reference.1458860473.id": "",
                            "storage_image_reference.1458860473.offer": "UbuntuServer",
                            "storage_image_reference.1458860473.publisher": "Canonical",
                            "storage_image_reference.1458860473.sku": "16.04-LTS",
                            "storage_image_reference.1458860473.version": "latest",
                            "storage_os_disk.#": "1",
                            "storage_os_disk.0.caching": "ReadWrite",
                            "storage_os_disk.0.create_option": "FromImage",
                            "storage_os_disk.0.disk_size_gb": "30",
                            "storage_os_disk.0.image_uri": "",
                            "storage_os_disk.0.managed_disk_id": "/subscriptions/77d6aa12-ef65-44f8-b9f5-07e7f7e8b48b/resourceGroups/fse-juan.aristizabal-rg/providers/Microsoft.Compute/disks/workload2osdisk1",
                            "storage_os_disk.0.managed_disk_type": "Standard_LRS",
                            "storage_os_disk.0.name": "workload2osdisk1",
                            "storage_os_disk.0.os_type": "Linux",
                            "storage_os_disk.0.vhd_uri": "",
                            "storage_os_disk.0.write_accelerator_enabled": "false",
                            "tags.%": "1",
                            "tags.environment": "jdat3",
                            "vm_size": "Standard_B1ms",
                            "zones.#": "0"
                        },
                        "meta": {},
                        "tainted": false
                    },
                    "deposed": [],
                    "provider": "provider.azurerm"
                },
                "azurerm_virtual_network.mainvnet": {
                    "type": "azurerm_virtual_network",
                    "depends_on": [
                        "data.azurerm_resource_group.my_rg"
                    ],
                    "primary": {
                        "id": "/subscriptions/77d6aa12-ef65-44f8-b9f5-07e7f7e8b48b/resourceGroups/fse-juan.aristizabal-rg/providers/Microsoft.Network/virtualNetworks/fse-juan-aristizabal-terraform-vnet",
                        "attributes": {
                            "address_space.#": "1",
                            "address_space.0": "10.60.3.0/24",
                            "dns_servers.#": "0",
                            "id": "/subscriptions/77d6aa12-ef65-44f8-b9f5-07e7f7e8b48b/resourceGroups/fse-juan.aristizabal-rg/providers/Microsoft.Network/virtualNetworks/fse-juan-aristizabal-terraform-vnet",
                            "location": "eastus",
                            "name": "fse-juan-aristizabal-terraform-vnet",
                            "resource_group_name": "fse-juan.aristizabal-rg",
                            "subnet.#": "3",
                            "subnet.2203497668.address_prefix": "10.60.3.64/26",
                            "subnet.2203497668.id": "/subscriptions/77d6aa12-ef65-44f8-b9f5-07e7f7e8b48b/resourceGroups/fse-juan.aristizabal-rg/providers/Microsoft.Network/virtualNetworks/fse-juan-aristizabal-terraform-vnet/subnets/server_subnet",
                            "subnet.2203497668.name": "server_subnet",
                            "subnet.2203497668.security_group": "",
                            "subnet.2407239250.address_prefix": "10.60.3.128/26",
                            "subnet.2407239250.id": "/subscriptions/77d6aa12-ef65-44f8-b9f5-07e7f7e8b48b/resourceGroups/fse-juan.aristizabal-rg/providers/Microsoft.Network/virtualNetworks/fse-juan-aristizabal-terraform-vnet/subnets/vip_subnet",
                            "subnet.2407239250.name": "vip_subnet",
                            "subnet.2407239250.security_group": "",
                            "subnet.3800153805.address_prefix": "10.60.3.0/26",
                            "subnet.3800153805.id": "/subscriptions/77d6aa12-ef65-44f8-b9f5-07e7f7e8b48b/resourceGroups/fse-juan.aristizabal-rg/providers/Microsoft.Network/virtualNetworks/fse-juan-aristizabal-terraform-vnet/subnets/mgmt_subnet",
                            "subnet.3800153805.name": "mgmt_subnet",
                            "subnet.3800153805.security_group": "",
                            "tags.%": "0"
                        },
                        "meta": {},
                        "tainted": false
                    },
                    "deposed": [],
                    "provider": "provider.azurerm"
                },
                "data.azurerm_resource_group.my_rg": {
                    "type": "azurerm_resource_group",
                    "depends_on": [],
                    "primary": {
                        "id": "/subscriptions/77d6aa12-ef65-44f8-b9f5-07e7f7e8b48b/resourceGroups/fse-juan.aristizabal-rg",
                        "attributes": {
                            "id": "/subscriptions/77d6aa12-ef65-44f8-b9f5-07e7f7e8b48b/resourceGroups/fse-juan.aristizabal-rg",
                            "location": "eastus",
                            "name": "fse-juan.aristizabal-rg",
                            "tags.%": "4",
                            "tags.billto": "sales",
                            "tags.category": "fse",
                            "tags.contact": "abhinav",
                            "tags.owner": "juan.aristizabal"
                        },
                        "meta": {},
                        "tainted": false
                    },
                    "deposed": [],
                    "provider": "provider.azurerm"
                },
                "data.template_cloudinit_config.config": {
                    "type": "template_cloudinit_config",
                    "depends_on": [
                        "data.template_file.cloudconfig"
                    ],
                    "primary": {
                        "id": "1357046171",
                        "attributes": {
                            "base64_encode": "true",
                            "gzip": "true",
                            "id": "1357046171",
                            "part.#": "1",
                            "part.0.content": "#!/bin/bash\n\necho \"bootscript initiated\" \u003e /tmp/results.txt \ncurl -fsSL https://download.docker.com/linux/ubuntu/gpg | sudo apt-key add -\nsudo add-apt-repository \"deb [arch=amd64] https://download.docker.com/linux/ubuntu $(lsb_release -cs) stable\"\nsudo apt-get update\napt-cache policy docker-ce\nsudo apt-get install -y docker-ce\nsudo systemctl start docker\nsudo docker run --name my-nginx -p 8080:80 -d nginx\necho \"bootscript done\" \u003e\u003e /tmp/results.txt\n\nexit 0\n",
                            "part.0.content_type": "",
                            "part.0.filename": "",
                            "part.0.merge_type": "",
                            "rendered": "H4sIAAAAAAAA/4yST4sUMRDF74H+DmXrQQ81aUF0aNkF/+xBcBT8ByIi6aS2O2y6EpIKdoMfXmZHlpG+7C316sd7gVdvIgux4Jc1UQ9zDeKTyaJnv5B7CUOs7ExeL9rDu8PV649fP7x99el7q44TfqNcfOQenu66RjUK8Rxq1J13NlyuKeMV2+g8jz28GLycAbfhQovoFIznRh38TBv/hw/04FkPpkxKkZ0itEOMUmz2ScCzF2+EXAuXoGVOOlOpQcpOFgFlaw6A1+Xze5hEUum1dvE3h2jczkV7Q3ln46yD57roOlSWqsc0wh8o1UUwSfCGVjDOAaqT5Bwe5UwpFi8xr9A6GuCHyXa6MLN7/uznvbPg0eNQhl+ZAplCgLY8gSJmCNSquw+MJFCTM0LqOFpjJ4IUg7crnHzR0v+45yImBMANUdYiNFsJx5ws/9an3ekNuTIgspkJ5hV59LwAJth3+67fd4AObrVtFy4ytXC57UEpWrxAt7kWxEb9DQAA///sPKt6jAIAAA=="
                        },
                        "meta": {},
                        "tainted": false
                    },
                    "deposed": [],
                    "provider": "provider.template"
                },
                "data.template_file.cloudconfig": {
                    "type": "template_file",
                    "depends_on": [],
                    "primary": {
                        "id": "c5021d8b6625bdf21dcc37e9ae72f37e4514d1e51dc4c65a7c170bd381dbc1cb",
                        "attributes": {
                            "id": "c5021d8b6625bdf21dcc37e9ae72f37e4514d1e51dc4c65a7c170bd381dbc1cb",
                            "rendered": "#!/bin/bash\n\necho \"bootscript initiated\" \u003e /tmp/results.txt \ncurl -fsSL https://download.docker.com/linux/ubuntu/gpg | sudo apt-key add -\nsudo add-apt-repository \"deb [arch=amd64] https://download.docker.com/linux/ubuntu $(lsb_release -cs) stable\"\nsudo apt-get update\napt-cache policy docker-ce\nsudo apt-get install -y docker-ce\nsudo systemctl start docker\nsudo docker run --name my-nginx -p 8080:80 -d nginx\necho \"bootscript done\" \u003e\u003e /tmp/results.txt\n\nexit 0\n",
                            "template": "#!/bin/bash\n\necho \"bootscript initiated\" \u003e /tmp/results.txt \ncurl -fsSL https://download.docker.com/linux/ubuntu/gpg | sudo apt-key add -\nsudo add-apt-repository \"deb [arch=amd64] https://download.docker.com/linux/ubuntu $(lsb_release -cs) stable\"\nsudo apt-get update\napt-cache policy docker-ce\nsudo apt-get install -y docker-ce\nsudo systemctl start docker\nsudo docker run --name my-nginx -p 8080:80 -d nginx\necho \"bootscript done\" \u003e\u003e /tmp/results.txt\n\nexit 0\n"
                        },
                        "meta": {},
                        "tainted": false
                    },
                    "deposed": [],
                    "provider": "provider.template"
                }
            },
            "depends_on": []
        }
    ]
}
